{
  "name": "CircleBot",
  "lockfileVersion": 2,
  "requires": true,
  "packages": {
    "": {
      "dependencies": {
        "@nivo/core": "^0.67.0",
        "@nivo/line": "^0.67.0"
      }
    },
    "node_modules/@alloc/types": {
      "version": "1.3.0",
      "resolved": "https://registry.npmjs.org/@alloc/types/-/types-1.3.0.tgz",
      "integrity": "sha512-mH7LiFiq9g6rX2tvt1LtwsclfG5hnsmtIfkZiauAGrm1AwXhoRS0sF2WrN9JGN7eV5vFXqNaB0eXZ3IvMsVi9g=="
    },
    "node_modules/@babel/runtime": {
      "version": "7.12.5",
      "resolved": "https://registry.npmjs.org/@babel/runtime/-/runtime-7.12.5.tgz",
      "integrity": "sha512-plcc+hbExy3McchJCEQG3knOsuh3HH+Prx1P6cLIkET/0dLuQDEnrT+s27Axgc9bqfsmNUNHfscgMUdBpC9xfg==",
      "dependencies": {
        "regenerator-runtime": "^0.13.4"
      }
    },
    "node_modules/@nivo/annotations": {
      "version": "0.67.0",
      "resolved": "https://registry.npmjs.org/@nivo/annotations/-/annotations-0.67.0.tgz",
      "integrity": "sha512-Qfracwd9we2nWBaNOAp0Lnt9uc86yRFDcQI3jsOdjFdzDA4lRwhkD85Lq477w1XrU7mtpjeRGsaKTCJtaorWEg==",
      "dependencies": {
        "@nivo/colors": "0.67.0",
        "lodash": "^4.17.11",
        "react-spring": "9.0.0-rc.3"
      },
      "peerDependencies": {
        "@nivo/core": "0.67.0",
        "prop-types": ">= 15.5.10 < 16.0.0",
        "react": ">= 16.8.4 < 18.0.0"
      }
    },
    "node_modules/@nivo/axes": {
      "version": "0.67.0",
      "resolved": "https://registry.npmjs.org/@nivo/axes/-/axes-0.67.0.tgz",
      "integrity": "sha512-csqEgFoJQGoB5/TDSy7SXCy/2QSdrfSa51AMU/RhzpnZ35wNO/zHkEfP+ApvB8nuuwVuBNOShio80PNZOOD+Og==",
      "dependencies": {
        "@nivo/scales": "0.67.0",
        "d3-format": "^1.4.4",
        "d3-time": "^1.0.11",
        "d3-time-format": "^2.1.3",
        "react-spring": "9.0.0-rc.3"
      },
      "peerDependencies": {
        "@nivo/core": "0.67.0",
        "prop-types": ">= 15.5.10 < 16.0.0",
        "react": ">= 16.8.4 < 18.0.0"
      }
    },
    "node_modules/@nivo/colors": {
      "version": "0.67.0",
      "resolved": "https://registry.npmjs.org/@nivo/colors/-/colors-0.67.0.tgz",
      "integrity": "sha512-y8x76SzQ4HYm6kkWYfBGQSE5fy/jtqGhCBjivlKsouU9Hv2G8g4a2JVMsfadJQHQIUjIsM/7Q0Y7zasFM9wkgA==",
      "dependencies": {
        "d3-color": "^2.0.0",
        "d3-scale": "^3.0.0",
        "d3-scale-chromatic": "^2.0.0",
        "lodash": "^4.17.11",
        "react-motion": "^0.5.2"
      },
      "peerDependencies": {
        "@nivo/core": "0.67.0",
        "prop-types": ">= 15.5.10 < 16.0.0",
        "react": ">= 16.8.4 <= 17.0.0"
      }
    },
    "node_modules/@nivo/core": {
      "version": "0.67.0",
      "resolved": "https://registry.npmjs.org/@nivo/core/-/core-0.67.0.tgz",
      "integrity": "sha512-F8amsf/MnIuZLoN6ikla8bKlUkUI3HVhy6R2qMF2jDS5xnYch3Sno9OPTTuR8RnYGCr57yClnvFuJzw251GE6g==",
      "dependencies": {
        "d3-color": "^2.0.0",
        "d3-format": "^1.4.4",
        "d3-hierarchy": "^1.1.8",
        "d3-interpolate": "^2.0.1",
        "d3-scale": "^3.0.0",
        "d3-scale-chromatic": "^2.0.0",
        "d3-shape": "^1.3.5",
        "d3-time-format": "^2.1.3",
        "lodash": "^4.17.11",
        "react-spring": "9.0.0-rc.3",
        "recompose": "^0.30.0",
        "resize-observer-polyfill": "^1.5.1"
      },
      "peerDependencies": {
        "@nivo/tooltip": "0.67.0",
        "prop-types": ">= 15.5.10 < 16.0.0",
        "react": ">= 16.8.4 < 18.0.0"
      }
    },
    "node_modules/@nivo/legends": {
      "version": "0.67.0",
      "resolved": "https://registry.npmjs.org/@nivo/legends/-/legends-0.67.0.tgz",
      "integrity": "sha512-W6JWMSiiAPsDhuofwq7x3ERA2fFJ2J/aj+Y3lvrZh5OAsG6/PCljwhlhMklNgYoN6bT/+Jgtut3Agdl0Dlzspg==",
      "dependencies": {
        "lodash": "^4.17.11",
        "recompose": "^0.30.0"
      },
      "peerDependencies": {
        "@nivo/core": "0.67.0",
        "prop-types": ">= 15.5.10 < 16.0.0",
        "react": ">= 16.8.4 < 18.0.0"
      }
    },
    "node_modules/@nivo/line": {
      "version": "0.67.0",
      "resolved": "https://registry.npmjs.org/@nivo/line/-/line-0.67.0.tgz",
      "integrity": "sha512-+iZpvVekl6GXZl+GnqL5kvtIhNl05tkcCJ6ajheVmOuzaFV7J9xBk8E3bFqNtFDM+vt4b0ggujW8zrlrZvrwUg==",
      "dependencies": {
        "@nivo/annotations": "0.67.0",
        "@nivo/axes": "0.67.0",
        "@nivo/colors": "0.67.0",
        "@nivo/legends": "0.67.0",
        "@nivo/scales": "0.67.0",
        "@nivo/tooltip": "0.67.0",
        "@nivo/voronoi": "0.67.0",
        "d3-shape": "^1.3.5",
        "react-spring": "9.0.0-rc.3"
      },
      "peerDependencies": {
        "@nivo/core": "0.67.0",
        "prop-types": ">= 15.5.10 < 16.0.0",
        "react": ">= 16.8.4 < 18.0.0"
      }
    },
    "node_modules/@nivo/scales": {
      "version": "0.67.0",
      "resolved": "https://registry.npmjs.org/@nivo/scales/-/scales-0.67.0.tgz",
      "integrity": "sha512-hXDeh3GzjZA3CcvJp14vCp0/QeoYMxVC2dZl55rIJdW200M+ET/ZtJQA2W1mDOGQUxR9z1flFvGJA+EqXhThwQ==",
      "dependencies": {
        "d3-scale": "^3.0.0",
        "d3-time-format": "^2.1.3",
        "lodash": "^4.17.11"
      },
      "peerDependencies": {
        "prop-types": ">= 15.5.10 < 16.0.0"
      }
    },
    "node_modules/@nivo/tooltip": {
      "version": "0.67.0",
      "resolved": "https://registry.npmjs.org/@nivo/tooltip/-/tooltip-0.67.0.tgz",
      "integrity": "sha512-Z4h4Ks/fFd7Cl2uSG/trfSYLXaiQNyFX2wGJrE/UPzDSpf4XqaW8uEBaK3p46200WG2AgltG0fHrouGNyMJ+1g==",
      "dependencies": {
        "react-spring": "9.0.0-rc.3"
      },
      "peerDependencies": {
        "@nivo/core": "0.67.0"
      }
    },
    "node_modules/@nivo/voronoi": {
      "version": "0.67.0",
      "resolved": "https://registry.npmjs.org/@nivo/voronoi/-/voronoi-0.67.0.tgz",
      "integrity": "sha512-Z+e+fa92xWIhbpSRdQGJtei3bBHTbLnsmXtfje+Xz8LYpkyxp8R/iTs9cqzQ4KILp1Tv6EnQYWrFWNizN3fNGA==",
      "dependencies": {
        "d3-delaunay": "^5.1.1",
        "d3-scale": "^3.0.0",
        "recompose": "^0.30.0"
      },
      "peerDependencies": {
        "@nivo/core": "0.67.0",
        "prop-types": ">= 15.5.10 < 16.0.0",
        "react": ">= 16.8.4 < 18.0.0"
      }
    },
    "node_modules/@react-spring/animated": {
      "version": "9.0.0-rc.3",
      "resolved": "https://registry.npmjs.org/@react-spring/animated/-/animated-9.0.0-rc.3.tgz",
      "integrity": "sha512-dAvgtKhkYpzzr+EkmZ4ZuJ5CujxCW0LaT109DvO/2MQNk3EWIxcgl+ik4tSulSbgau1GN8RlkRKyDp0wISdQ3Q==",
      "dependencies": {
        "@babel/runtime": "^7.3.1",
        "@react-spring/shared": "9.0.0-rc.3",
        "react-layout-effect": "^1.0.1"
      }
    },
    "node_modules/@react-spring/core": {
      "version": "9.0.0-rc.3",
      "resolved": "https://registry.npmjs.org/@react-spring/core/-/core-9.0.0-rc.3.tgz",
      "integrity": "sha512-3OzsVFxpfMJNkkQj8TwAH3NhUAX76AXu6WkslQF4EgBeEoG5eY3m+VvM9RsAsGWDuBKpscZ/wBpFt5Ih6KdGHA==",
      "hasInstallScript": true,
      "dependencies": {
        "@babel/runtime": "^7.3.1",
        "@react-spring/animated": "9.0.0-rc.3",
        "@react-spring/shared": "9.0.0-rc.3",
        "react-layout-effect": "^1.0.1",
        "use-memo-one": "^1.1.0"
      }
    },
    "node_modules/@react-spring/konva": {
      "version": "9.0.0-rc.3",
      "resolved": "https://registry.npmjs.org/@react-spring/konva/-/konva-9.0.0-rc.3.tgz",
      "integrity": "sha512-uampLRgrHIqA3ilnheePUVEUE+fdeipXORI4XZJFsORP01CUJeJCxBwMagaxvsHJAtuNErMI/IebE1T2W8i5qA==",
      "dependencies": {
        "@babel/runtime": "^7.3.1",
        "@react-spring/animated": "9.0.0-rc.3",
        "@react-spring/core": "9.0.0-rc.3",
        "@react-spring/shared": "9.0.0-rc.3"
      },
      "peerDependencies": {
        "konva": ">=2.6",
        "react": ">=16.8",
        "react-konva": ">=16.8"
      }
    },
    "node_modules/@react-spring/native": {
      "version": "9.0.0-rc.3",
      "resolved": "https://registry.npmjs.org/@react-spring/native/-/native-9.0.0-rc.3.tgz",
      "integrity": "sha512-7JSixJLfzg8V0IrgyGS3gGr2v8CGh4Kym15Htp3CJq74GFBJMyaQS0KaMjieXnw5alTpQoeGBESfA3v5dPlPYg==",
      "dependencies": {
        "@babel/runtime": "^7.3.1",
        "@react-spring/animated": "9.0.0-rc.3",
        "@react-spring/core": "9.0.0-rc.3",
        "@react-spring/shared": "9.0.0-rc.3"
      },
      "peerDependencies": {
        "react": ">=16.8",
        "react-native": ">=0.58"
      }
    },
    "node_modules/@react-spring/shared": {
      "version": "9.0.0-rc.3",
      "resolved": "https://registry.npmjs.org/@react-spring/shared/-/shared-9.0.0-rc.3.tgz",
      "integrity": "sha512-dd50TxwwMWd+dSB0InjndUN9w17cbnMCPy+0sag6zRxxKIo7eOyWSliOtLKxvufgmdC8Prm4M3GT5dmB1yxKEQ==",
      "dependencies": {
        "@alloc/types": "^1.2.1",
        "@babel/runtime": "^7.3.1",
        "fluids": "^0.1.6",
        "tslib": "^1.11.1"
      }
    },
    "node_modules/@react-spring/three": {
      "version": "9.0.0-rc.3",
      "resolved": "https://registry.npmjs.org/@react-spring/three/-/three-9.0.0-rc.3.tgz",
      "integrity": "sha512-H55T+Dnck+hsJ8WgE+tb89ngX1E1lDOpMBG4mGzNLGok6XgGqN0VBsHRN3QDl+aPfmJI1BPFPR6b6WbhwqRNbw==",
      "dependencies": {
        "@babel/runtime": "^7.3.1",
        "@react-spring/animated": "9.0.0-rc.3",
        "@react-spring/core": "9.0.0-rc.3",
        "@react-spring/shared": "9.0.0-rc.3"
      },
      "peerDependencies": {
        "react": ">=16.11",
        "react-three-fiber": ">=4.0",
        "three": ">=0.115"
      }
    },
    "node_modules/@react-spring/web": {
      "version": "9.0.0-rc.3",
      "resolved": "https://registry.npmjs.org/@react-spring/web/-/web-9.0.0-rc.3.tgz",
      "integrity": "sha512-rEvipblmihiz8+Eo01zDp5dqWn6XfYk8q2rlN9c18YIOL4o6nuY/VplDoocUMHYfH4liurpO4o1QudKOO1nAiQ==",
      "dependencies": {
        "@babel/runtime": "^7.3.1",
        "@react-spring/animated": "9.0.0-rc.3",
        "@react-spring/core": "9.0.0-rc.3",
        "@react-spring/shared": "9.0.0-rc.3"
      },
      "peerDependencies": {
        "react": ">=16.8",
        "react-dom": ">=16.8"
      }
    },
    "node_modules/@react-spring/zdog": {
      "version": "9.0.0-rc.3",
      "resolved": "https://registry.npmjs.org/@react-spring/zdog/-/zdog-9.0.0-rc.3.tgz",
      "integrity": "sha512-fl2JI098sfOJ+BaS9xCrnz8NSimL8yPrVwO0lHSpXLn/q3o3MYmRAeJnZQv8yDtT6isTHua6Tfb9vWuZWEXSmA==",
      "dependencies": {
        "@babel/runtime": "^7.3.1",
        "@react-spring/animated": "9.0.0-rc.3",
        "@react-spring/core": "9.0.0-rc.3",
        "@react-spring/shared": "9.0.0-rc.3"
      },
      "peerDependencies": {
        "react": ">=16.8",
        "react-dom": ">=16.8",
        "react-zdog": ">=1.0",
        "zdog": ">=1.0"
      }
    },
    "node_modules/asap": {
      "version": "2.0.6",
      "resolved": "https://registry.npmjs.org/asap/-/asap-2.0.6.tgz",
      "integrity": "sha1-5QNHYR1+aQlDIIu9r+vLwvuGbUY="
    },
    "node_modules/change-emitter": {
      "version": "0.1.6",
      "resolved": "https://registry.npmjs.org/change-emitter/-/change-emitter-0.1.6.tgz",
      "integrity": "sha1-6LL+PX8at9aaMhma/5HqaTFAlRU="
    },
    "node_modules/core-js": {
      "version": "1.2.7",
      "resolved": "https://registry.npmjs.org/core-js/-/core-js-1.2.7.tgz",
      "integrity": "sha1-ZSKUwUZR2yj6k70tX/KYOk8IxjY=",
      "deprecated": "core-js@<3 is no longer maintained and not recommended for usage due to the number of issues. Please, upgrade your dependencies to the actual version of core-js@3."
    },
    "node_modules/d3-array": {
      "version": "2.9.1",
      "resolved": "https://registry.npmjs.org/d3-array/-/d3-array-2.9.1.tgz",
      "integrity": "sha512-Ob7RdOtkqsjx1NWyQHMFLtCSk6/aKTxDdC4ZIolX+O+mDD2RzrsYgAyc0WGAlfYFVELLSilS7w8BtE3PKM8bHg=="
    },
    "node_modules/d3-color": {
      "version": "2.0.0",
      "resolved": "https://registry.npmjs.org/d3-color/-/d3-color-2.0.0.tgz",
      "integrity": "sha512-SPXi0TSKPD4g9tw0NMZFnR95XVgUZiBH+uUTqQuDu1OsE2zomHU7ho0FISciaPvosimixwHFl3WHLGabv6dDgQ=="
    },
    "node_modules/d3-delaunay": {
      "version": "5.3.0",
      "resolved": "https://registry.npmjs.org/d3-delaunay/-/d3-delaunay-5.3.0.tgz",
      "integrity": "sha512-amALSrOllWVLaHTnDLHwMIiz0d1bBu9gZXd1FiLfXf8sHcX9jrcj81TVZOqD4UX7MgBZZ07c8GxzEgBpJqc74w==",
      "dependencies": {
        "delaunator": "4"
      }
    },
    "node_modules/d3-format": {
      "version": "1.4.5",
      "resolved": "https://registry.npmjs.org/d3-format/-/d3-format-1.4.5.tgz",
      "integrity": "sha512-J0piedu6Z8iB6TbIGfZgDzfXxUFN3qQRMofy2oPdXzQibYGqPB/9iMcxr/TGalU+2RsyDO+U4f33id8tbnSRMQ=="
    },
    "node_modules/d3-hierarchy": {
      "version": "1.1.9",
      "resolved": "https://registry.npmjs.org/d3-hierarchy/-/d3-hierarchy-1.1.9.tgz",
      "integrity": "sha512-j8tPxlqh1srJHAtxfvOUwKNYJkQuBFdM1+JAUfq6xqH5eAqf93L7oG1NVqDa4CpFZNvnNKtCYEUC8KY9yEn9lQ=="
    },
    "node_modules/d3-interpolate": {
      "version": "2.0.1",
      "resolved": "https://registry.npmjs.org/d3-interpolate/-/d3-interpolate-2.0.1.tgz",
      "integrity": "sha512-c5UhwwTs/yybcmTpAVqwSFl6vrQ8JZJoT5F7xNFK9pymv5C0Ymcc9/LIJHtYIggg/yS9YHw8i8O8tgb9pupjeQ==",
      "dependencies": {
        "d3-color": "1 - 2"
      }
    },
    "node_modules/d3-path": {
      "version": "1.0.9",
      "resolved": "https://registry.npmjs.org/d3-path/-/d3-path-1.0.9.tgz",
      "integrity": "sha512-VLaYcn81dtHVTjEHd8B+pbe9yHWpXKZUC87PzoFmsFrJqgFwDe/qxfp5MlfsfM1V5E/iVt0MmEbWQ7FVIXh/bg=="
    },
    "node_modules/d3-scale": {
      "version": "3.2.3",
      "resolved": "https://registry.npmjs.org/d3-scale/-/d3-scale-3.2.3.tgz",
      "integrity": "sha512-8E37oWEmEzj57bHcnjPVOBS3n4jqakOeuv1EDdQSiSrYnMCBdMd3nc4HtKk7uia8DUHcY/CGuJ42xxgtEYrX0g==",
      "dependencies": {
        "d3-array": "^2.3.0",
        "d3-format": "1 - 2",
        "d3-interpolate": "1.2.0 - 2",
        "d3-time": "1 - 2",
        "d3-time-format": "2 - 3"
      }
    },
    "node_modules/d3-scale-chromatic": {
      "version": "2.0.0",
      "resolved": "https://registry.npmjs.org/d3-scale-chromatic/-/d3-scale-chromatic-2.0.0.tgz",
      "integrity": "sha512-LLqy7dJSL8yDy7NRmf6xSlsFZ6zYvJ4BcWFE4zBrOPnQERv9zj24ohnXKRbyi9YHnYV+HN1oEO3iFK971/gkzA==",
      "dependencies": {
        "d3-color": "1 - 2",
        "d3-interpolate": "1 - 2"
      }
    },
    "node_modules/d3-shape": {
      "version": "1.3.7",
      "resolved": "https://registry.npmjs.org/d3-shape/-/d3-shape-1.3.7.tgz",
      "integrity": "sha512-EUkvKjqPFUAZyOlhY5gzCxCeI0Aep04LwIRpsZ/mLFelJiUfnK56jo5JMDSE7yyP2kLSb6LtF+S5chMk7uqPqw==",
      "dependencies": {
        "d3-path": "1"
      }
    },
    "node_modules/d3-time": {
      "version": "1.1.0",
      "resolved": "https://registry.npmjs.org/d3-time/-/d3-time-1.1.0.tgz",
      "integrity": "sha512-Xh0isrZ5rPYYdqhAVk8VLnMEidhz5aP7htAADH6MfzgmmicPkTo8LhkLxci61/lCB7n7UmE3bN0leRt+qvkLxA=="
    },
    "node_modules/d3-time-format": {
      "version": "2.3.0",
      "resolved": "https://registry.npmjs.org/d3-time-format/-/d3-time-format-2.3.0.tgz",
      "integrity": "sha512-guv6b2H37s2Uq/GefleCDtbe0XZAuy7Wa49VGkPVPMfLL9qObgBST3lEHJBMUp8S7NdLQAGIvr2KXk8Hc98iKQ==",
      "dependencies": {
        "d3-time": "1"
      }
    },
    "node_modules/delaunator": {
      "version": "4.0.1",
      "resolved": "https://registry.npmjs.org/delaunator/-/delaunator-4.0.1.tgz",
      "integrity": "sha512-WNPWi1IRKZfCt/qIDMfERkDp93+iZEmOxN2yy4Jg+Xhv8SLk2UTqqbe1sfiipn0and9QrE914/ihdx82Y/Giag=="
    },
    "node_modules/encoding": {
      "version": "0.1.13",
      "resolved": "https://registry.npmjs.org/encoding/-/encoding-0.1.13.tgz",
      "integrity": "sha512-ETBauow1T35Y/WZMkio9jiM0Z5xjHHmJ4XmjZOq1l/dXz3lr2sRn87nJy20RupqSh1F2m3HHPSp8ShIPQJrJ3A==",
      "dependencies": {
        "iconv-lite": "^0.6.2"
      }
    },
    "node_modules/fbjs": {
      "version": "0.8.17",
      "resolved": "https://registry.npmjs.org/fbjs/-/fbjs-0.8.17.tgz",
      "integrity": "sha1-xNWY6taUkRJlPWWIsBpc3Nn5D90=",
      "dependencies": {
        "core-js": "^1.0.0",
        "isomorphic-fetch": "^2.1.1",
        "loose-envify": "^1.0.0",
        "object-assign": "^4.1.0",
        "promise": "^7.1.1",
        "setimmediate": "^1.0.5",
        "ua-parser-js": "^0.7.18"
      }
    },
    "node_modules/fluids": {
      "version": "0.1.10",
      "resolved": "https://registry.npmjs.org/fluids/-/fluids-0.1.10.tgz",
      "integrity": "sha512-66FLmUJOrkvEHIsRVeM+88MG0bjd2TOBuR0BkM0hzyCb68W9drzqeX/AHDNp3ouZALQN7JvBvmKdVhHI+PZsdg=="
    },
    "node_modules/hoist-non-react-statics": {
      "version": "2.5.5",
      "resolved": "https://registry.npmjs.org/hoist-non-react-statics/-/hoist-non-react-statics-2.5.5.tgz",
      "integrity": "sha512-rqcy4pJo55FTTLWt+bU8ukscqHeE/e9KWvsOW2b/a3afxQZhwkQdT1rPPCJ0rYXdj4vNcasY8zHTH+jF/qStxw=="
    },
    "node_modules/iconv-lite": {
      "version": "0.6.2",
      "resolved": "https://registry.npmjs.org/iconv-lite/-/iconv-lite-0.6.2.tgz",
      "integrity": "sha512-2y91h5OpQlolefMPmUlivelittSWy0rP+oYVpn6A7GwVHNE8AWzoYOBNmlwks3LobaJxgHCYZAnyNo2GgpNRNQ==",
      "dependencies": {
        "safer-buffer": ">= 2.1.2 < 3.0.0"
      },
      "engines": {
        "node": ">=0.10.0"
      }
    },
    "node_modules/is-stream": {
      "version": "1.1.0",
      "resolved": "https://registry.npmjs.org/is-stream/-/is-stream-1.1.0.tgz",
      "integrity": "sha1-EtSj3U5o4Lec6428hBc66A2RykQ=",
      "engines": {
        "node": ">=0.10.0"
      }
    },
    "node_modules/isomorphic-fetch": {
      "version": "2.2.1",
      "resolved": "https://registry.npmjs.org/isomorphic-fetch/-/isomorphic-fetch-2.2.1.tgz",
      "integrity": "sha1-YRrhrPFPXoH3KVB0coGf6XM1WKk=",
      "dependencies": {
        "node-fetch": "^1.0.1",
        "whatwg-fetch": ">=0.10.0"
      }
    },
    "node_modules/js-tokens": {
      "version": "4.0.0",
      "resolved": "https://registry.npmjs.org/js-tokens/-/js-tokens-4.0.0.tgz",
      "integrity": "sha512-RdJUflcE3cUzKiMqQgsCu06FPu9UdIJO0beYbPhHN4k6apgJtifcoCtT9bcxOpYBtpD2kCM6Sbzg4CausW/PKQ=="
    },
    "node_modules/lodash": {
      "version": "4.17.20",
      "resolved": "https://registry.npmjs.org/lodash/-/lodash-4.17.20.tgz",
      "integrity": "sha512-PlhdFcillOINfeV7Ni6oF1TAEayyZBoZ8bcshTHqOYJYlrqzRK5hagpagky5o4HfCzzd1TRkXPMFq6cKk9rGmA=="
    },
    "node_modules/loose-envify": {
      "version": "1.4.0",
      "resolved": "https://registry.npmjs.org/loose-envify/-/loose-envify-1.4.0.tgz",
      "integrity": "sha512-lyuxPGr/Wfhrlem2CL/UcnUc1zcqKAImBDzukY7Y5F/yQiNdko6+fRLevlw1HgMySw7f611UIY408EtxRSoK3Q==",
      "dependencies": {
        "js-tokens": "^3.0.0 || ^4.0.0"
      },
      "bin": {
        "loose-envify": "cli.js"
      }
    },
    "node_modules/node-fetch": {
      "version": "1.7.3",
      "resolved": "https://registry.npmjs.org/node-fetch/-/node-fetch-1.7.3.tgz",
      "integrity": "sha512-NhZ4CsKx7cYm2vSrBAr2PvFOe6sWDf0UYLRqA6svUYg7+/TSfVAu49jYC4BvQ4Sms9SZgdqGBgroqfDhJdTyKQ==",
      "dependencies": {
        "encoding": "^0.1.11",
        "is-stream": "^1.0.1"
      }
    },
    "node_modules/object-assign": {
      "version": "4.1.1",
      "resolved": "https://registry.npmjs.org/object-assign/-/object-assign-4.1.1.tgz",
      "integrity": "sha1-IQmtx5ZYh8/AXLvUQsrIv7s2CGM=",
      "engines": {
        "node": ">=0.10.0"
      }
    },
    "node_modules/performance-now": {
      "version": "0.2.0",
      "resolved": "https://registry.npmjs.org/performance-now/-/performance-now-0.2.0.tgz",
      "integrity": "sha1-M+8wxcd9TqIcWlOGnZG1bY8lVeU="
    },
    "node_modules/promise": {
      "version": "7.3.1",
      "resolved": "https://registry.npmjs.org/promise/-/promise-7.3.1.tgz",
      "integrity": "sha512-nolQXZ/4L+bP/UGlkfaIujX9BKxGwmQ9OT4mOt5yvy8iK1h3wqTEJCijzGANTCCl9nWjY41juyAn2K3Q1hLLTg==",
      "dependencies": {
        "asap": "~2.0.3"
      }
    },
    "node_modules/prop-types": {
      "version": "15.7.2",
      "resolved": "https://registry.npmjs.org/prop-types/-/prop-types-15.7.2.tgz",
      "integrity": "sha512-8QQikdH7//R2vurIJSutZ1smHYTcLpRWEOlHnzcWHmBYrOGUysKwSsrC89BCiFj3CbrfJ/nXFdJepOVrY1GCHQ==",
      "dependencies": {
        "loose-envify": "^1.4.0",
        "object-assign": "^4.1.1",
        "react-is": "^16.8.1"
      }
    },
    "node_modules/raf": {
      "version": "3.4.1",
      "resolved": "https://registry.npmjs.org/raf/-/raf-3.4.1.tgz",
      "integrity": "sha512-Sq4CW4QhwOHE8ucn6J34MqtZCeWFP2aQSmrlroYgqAV1PjStIhJXxYuTgUIfkEk7zTLjmIjLmU5q+fbD1NnOJA==",
      "dependencies": {
        "performance-now": "^2.1.0"
      }
    },
    "node_modules/raf/node_modules/performance-now": {
      "version": "2.1.0",
      "resolved": "https://registry.npmjs.org/performance-now/-/performance-now-2.1.0.tgz",
      "integrity": "sha1-Ywn04OX6kT7BxpMHrjZLSzd8nns="
    },
    "node_modules/react-is": {
      "version": "16.13.1",
      "resolved": "https://registry.npmjs.org/react-is/-/react-is-16.13.1.tgz",
      "integrity": "sha512-24e6ynE2H+OKt4kqsOvNd8kBpV65zoxbA4BVsEOB3ARVWQki/DHzaUoC5KuON/BiccDaCCTZBuOcfZs70kR8bQ=="
    },
    "node_modules/react-layout-effect": {
      "version": "1.0.5",
      "resolved": "https://registry.npmjs.org/react-layout-effect/-/react-layout-effect-1.0.5.tgz",
      "integrity": "sha512-zdRXHuch+OBHU6bvjTelOGUCM+UDr/iCY+c0wXLEAc+G4/FlcJruD/hUOzlKH5XgO90Y/BUJPNhI/g9kl+VAsA==",
      "peerDependencies": {
        "react": ">=16.8"
      }
    },
    "node_modules/react-lifecycles-compat": {
      "version": "3.0.4",
      "resolved": "https://registry.npmjs.org/react-lifecycles-compat/-/react-lifecycles-compat-3.0.4.tgz",
      "integrity": "sha512-fBASbA6LnOU9dOU2eW7aQ8xmYBSXUIWr+UmF9b1efZBazGNO+rcXT/icdKnYm2pTwcRylVUYwW7H1PHfLekVzA=="
    },
    "node_modules/react-motion": {
      "version": "0.5.2",
      "resolved": "https://registry.npmjs.org/react-motion/-/react-motion-0.5.2.tgz",
      "integrity": "sha512-9q3YAvHoUiWlP3cK0v+w1N5Z23HXMj4IF4YuvjvWegWqNPfLXsOBE/V7UvQGpXxHFKRQQcNcVQE31g9SB/6qgQ==",
      "dependencies": {
        "performance-now": "^0.2.0",
        "prop-types": "^15.5.8",
        "raf": "^3.1.0"
      },
      "peerDependencies": {
        "react": "^0.14.9 || ^15.3.0 || ^16.0.0"
      }
    },
    "node_modules/react-spring": {
      "version": "9.0.0-rc.3",
      "resolved": "https://registry.npmjs.org/react-spring/-/react-spring-9.0.0-rc.3.tgz",
      "integrity": "sha512-VX5Gi6svgRzjGvJ7qVRQBhFN+O2IuPvkSWepIg838LNIMqlc42xdIYtoGJYSqYjNO3IocSfkHlh49WVw6hHMUg==",
      "dependencies": {
        "@babel/runtime": "^7.3.1",
        "@react-spring/core": "9.0.0-rc.3",
        "@react-spring/konva": "9.0.0-rc.3",
        "@react-spring/native": "9.0.0-rc.3",
        "@react-spring/three": "9.0.0-rc.3",
        "@react-spring/web": "9.0.0-rc.3",
        "@react-spring/zdog": "9.0.0-rc.3"
      }
    },
    "node_modules/recompose": {
      "version": "0.30.0",
      "resolved": "https://registry.npmjs.org/recompose/-/recompose-0.30.0.tgz",
      "integrity": "sha512-ZTrzzUDa9AqUIhRk4KmVFihH0rapdCSMFXjhHbNrjAWxBuUD/guYlyysMnuHjlZC/KRiOKRtB4jf96yYSkKE8w==",
      "dependencies": {
        "@babel/runtime": "^7.0.0",
        "change-emitter": "^0.1.2",
        "fbjs": "^0.8.1",
        "hoist-non-react-statics": "^2.3.1",
        "react-lifecycles-compat": "^3.0.2",
        "symbol-observable": "^1.0.4"
      },
      "peerDependencies": {
        "react": "^0.14.0 || ^15.0.0 || ^16.0.0"
      }
    },
    "node_modules/regenerator-runtime": {
      "version": "0.13.7",
      "resolved": "https://registry.npmjs.org/regenerator-runtime/-/regenerator-runtime-0.13.7.tgz",
      "integrity": "sha512-a54FxoJDIr27pgf7IgeQGxmqUNYrcV338lf/6gH456HZ/PhX+5BcwHXG9ajESmwe6WRO0tAzRUrRmNONWgkrew=="
    },
    "node_modules/resize-observer-polyfill": {
      "version": "1.5.1",
      "resolved": "https://registry.npmjs.org/resize-observer-polyfill/-/resize-observer-polyfill-1.5.1.tgz",
      "integrity": "sha512-LwZrotdHOo12nQuZlHEmtuXdqGoOD0OhaxopaNFxWzInpEgaLWoVuAMbTzixuosCx2nEG58ngzW3vxdWoxIgdg=="
    },
    "node_modules/safer-buffer": {
      "version": "2.1.2",
      "resolved": "https://registry.npmjs.org/safer-buffer/-/safer-buffer-2.1.2.tgz",
      "integrity": "sha512-YZo3K82SD7Riyi0E1EQPojLz7kpepnSQI9IyPbHHg1XXXevb5dJI7tpyN2ADxGcQbHG7vcyRHk0cbwqcQriUtg=="
    },
    "node_modules/setimmediate": {
      "version": "1.0.5",
      "resolved": "https://registry.npmjs.org/setimmediate/-/setimmediate-1.0.5.tgz",
      "integrity": "sha1-KQy7Iy4waULX1+qbg3Mqt4VvgoU="
    },
    "node_modules/symbol-observable": {
      "version": "1.2.0",
      "resolved": "https://registry.npmjs.org/symbol-observable/-/symbol-observable-1.2.0.tgz",
      "integrity": "sha512-e900nM8RRtGhlV36KGEU9k65K3mPb1WV70OdjfxlG2EAuM1noi/E/BaW/uMhL7bPEssK8QV57vN3esixjUvcXQ==",
      "engines": {
        "node": ">=0.10.0"
      }
    },
    "node_modules/tslib": {
      "version": "1.14.1",
      "resolved": "https://registry.npmjs.org/tslib/-/tslib-1.14.1.tgz",
      "integrity": "sha512-Xni35NKzjgMrwevysHTCArtLDpPvye8zV/0E4EyYn43P7/7qvQwPh9BGkHewbMulVntbigmcT7rdX3BNo9wRJg=="
    },
    "node_modules/ua-parser-js": {
      "version": "0.7.23",
      "resolved": "https://registry.npmjs.org/ua-parser-js/-/ua-parser-js-0.7.23.tgz",
      "integrity": "sha512-m4hvMLxgGHXG3O3fQVAyyAQpZzDOvwnhOTjYz5Xmr7r/+LpkNy3vJXdVRWgd1TkAb7NGROZuSy96CrlNVjA7KA==",
      "engines": {
        "node": "*"
      }
    },
    "node_modules/use-memo-one": {
      "version": "1.1.1",
      "resolved": "https://registry.npmjs.org/use-memo-one/-/use-memo-one-1.1.1.tgz",
      "integrity": "sha512-oFfsyun+bP7RX8X2AskHNTxu+R3QdE/RC5IefMbqptmACAA/gfol1KDD5KRzPsGMa62sWxGZw+Ui43u6x4ddoQ==",
      "peerDependencies": {
        "react": "^16.8.0"
      }
    },
    "node_modules/whatwg-fetch": {
      "version": "3.5.0",
      "resolved": "https://registry.npmjs.org/whatwg-fetch/-/whatwg-fetch-3.5.0.tgz",
      "integrity": "sha512-jXkLtsR42xhXg7akoDKvKWE40eJeI+2KZqcp2h3NsOrRnDvtWX36KcKl30dy+hxECivdk2BVUHVNrPtoMBUx6A=="
    }
  },
  "dependencies": {
    "@alloc/types": {
      "version": "1.3.0",
      "resolved": "https://registry.npmjs.org/@alloc/types/-/types-1.3.0.tgz",
      "integrity": "sha512-mH7LiFiq9g6rX2tvt1LtwsclfG5hnsmtIfkZiauAGrm1AwXhoRS0sF2WrN9JGN7eV5vFXqNaB0eXZ3IvMsVi9g=="
    },
    "@babel/runtime": {
      "version": "7.12.5",
      "resolved": "https://registry.npmjs.org/@babel/runtime/-/runtime-7.12.5.tgz",
      "integrity": "sha512-plcc+hbExy3McchJCEQG3knOsuh3HH+Prx1P6cLIkET/0dLuQDEnrT+s27Axgc9bqfsmNUNHfscgMUdBpC9xfg==",
      "requires": {
        "regenerator-runtime": "^0.13.4"
      }
    },
    "@nivo/annotations": {
      "version": "0.67.0",
      "resolved": "https://registry.npmjs.org/@nivo/annotations/-/annotations-0.67.0.tgz",
      "integrity": "sha512-Qfracwd9we2nWBaNOAp0Lnt9uc86yRFDcQI3jsOdjFdzDA4lRwhkD85Lq477w1XrU7mtpjeRGsaKTCJtaorWEg==",
      "requires": {
        "@nivo/colors": "0.67.0",
        "lodash": "^4.17.11",
        "react-spring": "9.0.0-rc.3"
      }
    },
    "@nivo/axes": {
      "version": "0.67.0",
      "resolved": "https://registry.npmjs.org/@nivo/axes/-/axes-0.67.0.tgz",
      "integrity": "sha512-csqEgFoJQGoB5/TDSy7SXCy/2QSdrfSa51AMU/RhzpnZ35wNO/zHkEfP+ApvB8nuuwVuBNOShio80PNZOOD+Og==",
      "requires": {
        "@nivo/scales": "0.67.0",
        "d3-format": "^1.4.4",
        "d3-time": "^1.0.11",
        "d3-time-format": "^2.1.3",
        "react-spring": "9.0.0-rc.3"
      }
    },
    "@nivo/colors": {
      "version": "0.67.0",
      "resolved": "https://registry.npmjs.org/@nivo/colors/-/colors-0.67.0.tgz",
      "integrity": "sha512-y8x76SzQ4HYm6kkWYfBGQSE5fy/jtqGhCBjivlKsouU9Hv2G8g4a2JVMsfadJQHQIUjIsM/7Q0Y7zasFM9wkgA==",
      "requires": {
        "d3-color": "^2.0.0",
        "d3-scale": "^3.0.0",
        "d3-scale-chromatic": "^2.0.0",
        "lodash": "^4.17.11",
        "react-motion": "^0.5.2"
      }
    },
    "@nivo/core": {
      "version": "0.67.0",
      "resolved": "https://registry.npmjs.org/@nivo/core/-/core-0.67.0.tgz",
      "integrity": "sha512-F8amsf/MnIuZLoN6ikla8bKlUkUI3HVhy6R2qMF2jDS5xnYch3Sno9OPTTuR8RnYGCr57yClnvFuJzw251GE6g==",
      "requires": {
        "d3-color": "^2.0.0",
        "d3-format": "^1.4.4",
        "d3-hierarchy": "^1.1.8",
        "d3-interpolate": "^2.0.1",
        "d3-scale": "^3.0.0",
        "d3-scale-chromatic": "^2.0.0",
        "d3-shape": "^1.3.5",
        "d3-time-format": "^2.1.3",
        "lodash": "^4.17.11",
        "react-spring": "9.0.0-rc.3",
        "recompose": "^0.30.0",
        "resize-observer-polyfill": "^1.5.1"
      }
    },
    "@nivo/legends": {
      "version": "0.67.0",
      "resolved": "https://registry.npmjs.org/@nivo/legends/-/legends-0.67.0.tgz",
      "integrity": "sha512-W6JWMSiiAPsDhuofwq7x3ERA2fFJ2J/aj+Y3lvrZh5OAsG6/PCljwhlhMklNgYoN6bT/+Jgtut3Agdl0Dlzspg==",
      "requires": {
        "lodash": "^4.17.11",
        "recompose": "^0.30.0"
      }
    },
    "@nivo/line": {
      "version": "0.67.0",
      "resolved": "https://registry.npmjs.org/@nivo/line/-/line-0.67.0.tgz",
      "integrity": "sha512-+iZpvVekl6GXZl+GnqL5kvtIhNl05tkcCJ6ajheVmOuzaFV7J9xBk8E3bFqNtFDM+vt4b0ggujW8zrlrZvrwUg==",
      "requires": {
        "@nivo/annotations": "0.67.0",
        "@nivo/axes": "0.67.0",
        "@nivo/colors": "0.67.0",
        "@nivo/legends": "0.67.0",
        "@nivo/scales": "0.67.0",
        "@nivo/tooltip": "0.67.0",
        "@nivo/voronoi": "0.67.0",
        "d3-shape": "^1.3.5",
        "react-spring": "9.0.0-rc.3"
      }
    },
    "@nivo/scales": {
      "version": "0.67.0",
      "resolved": "https://registry.npmjs.org/@nivo/scales/-/scales-0.67.0.tgz",
      "integrity": "sha512-hXDeh3GzjZA3CcvJp14vCp0/QeoYMxVC2dZl55rIJdW200M+ET/ZtJQA2W1mDOGQUxR9z1flFvGJA+EqXhThwQ==",
      "requires": {
        "d3-scale": "^3.0.0",
        "d3-time-format": "^2.1.3",
        "lodash": "^4.17.11"
      }
    },
    "@nivo/tooltip": {
      "version": "0.67.0",
      "resolved": "https://registry.npmjs.org/@nivo/tooltip/-/tooltip-0.67.0.tgz",
      "integrity": "sha512-Z4h4Ks/fFd7Cl2uSG/trfSYLXaiQNyFX2wGJrE/UPzDSpf4XqaW8uEBaK3p46200WG2AgltG0fHrouGNyMJ+1g==",
      "requires": {
        "react-spring": "9.0.0-rc.3"
      }
    },
    "@nivo/voronoi": {
      "version": "0.67.0",
      "resolved": "https://registry.npmjs.org/@nivo/voronoi/-/voronoi-0.67.0.tgz",
      "integrity": "sha512-Z+e+fa92xWIhbpSRdQGJtei3bBHTbLnsmXtfje+Xz8LYpkyxp8R/iTs9cqzQ4KILp1Tv6EnQYWrFWNizN3fNGA==",
      "requires": {
        "d3-delaunay": "^5.1.1",
        "d3-scale": "^3.0.0",
        "recompose": "^0.30.0"
      }
    },
    "@react-spring/animated": {
      "version": "9.0.0-rc.3",
      "resolved": "https://registry.npmjs.org/@react-spring/animated/-/animated-9.0.0-rc.3.tgz",
      "integrity": "sha512-dAvgtKhkYpzzr+EkmZ4ZuJ5CujxCW0LaT109DvO/2MQNk3EWIxcgl+ik4tSulSbgau1GN8RlkRKyDp0wISdQ3Q==",
      "requires": {
        "@babel/runtime": "^7.3.1",
        "@react-spring/shared": "9.0.0-rc.3",
        "react-layout-effect": "^1.0.1"
      }
    },
    "@react-spring/core": {
      "version": "9.0.0-rc.3",
      "resolved": "https://registry.npmjs.org/@react-spring/core/-/core-9.0.0-rc.3.tgz",
      "integrity": "sha512-3OzsVFxpfMJNkkQj8TwAH3NhUAX76AXu6WkslQF4EgBeEoG5eY3m+VvM9RsAsGWDuBKpscZ/wBpFt5Ih6KdGHA==",
      "requires": {
        "@babel/runtime": "^7.3.1",
        "@react-spring/animated": "9.0.0-rc.3",
        "@react-spring/shared": "9.0.0-rc.3",
        "react-layout-effect": "^1.0.1",
        "use-memo-one": "^1.1.0"
      }
    },
    "@react-spring/konva": {
      "version": "9.0.0-rc.3",
      "resolved": "https://registry.npmjs.org/@react-spring/konva/-/konva-9.0.0-rc.3.tgz",
      "integrity": "sha512-uampLRgrHIqA3ilnheePUVEUE+fdeipXORI4XZJFsORP01CUJeJCxBwMagaxvsHJAtuNErMI/IebE1T2W8i5qA==",
      "requires": {
        "@babel/runtime": "^7.3.1",
        "@react-spring/animated": "9.0.0-rc.3",
        "@react-spring/core": "9.0.0-rc.3",
        "@react-spring/shared": "9.0.0-rc.3"
      }
    },
    "@react-spring/native": {
      "version": "9.0.0-rc.3",
      "resolved": "https://registry.npmjs.org/@react-spring/native/-/native-9.0.0-rc.3.tgz",
      "integrity": "sha512-7JSixJLfzg8V0IrgyGS3gGr2v8CGh4Kym15Htp3CJq74GFBJMyaQS0KaMjieXnw5alTpQoeGBESfA3v5dPlPYg==",
      "requires": {
        "@babel/runtime": "^7.3.1",
        "@react-spring/animated": "9.0.0-rc.3",
        "@react-spring/core": "9.0.0-rc.3",
        "@react-spring/shared": "9.0.0-rc.3"
      }
    },
    "@react-spring/shared": {
      "version": "9.0.0-rc.3",
      "resolved": "https://registry.npmjs.org/@react-spring/shared/-/shared-9.0.0-rc.3.tgz",
      "integrity": "sha512-dd50TxwwMWd+dSB0InjndUN9w17cbnMCPy+0sag6zRxxKIo7eOyWSliOtLKxvufgmdC8Prm4M3GT5dmB1yxKEQ==",
      "requires": {
        "@alloc/types": "^1.2.1",
        "@babel/runtime": "^7.3.1",
        "fluids": "^0.1.6",
        "tslib": "^1.11.1"
      }
    },
    "@react-spring/three": {
      "version": "9.0.0-rc.3",
      "resolved": "https://registry.npmjs.org/@react-spring/three/-/three-9.0.0-rc.3.tgz",
      "integrity": "sha512-H55T+Dnck+hsJ8WgE+tb89ngX1E1lDOpMBG4mGzNLGok6XgGqN0VBsHRN3QDl+aPfmJI1BPFPR6b6WbhwqRNbw==",
      "requires": {
        "@babel/runtime": "^7.3.1",
        "@react-spring/animated": "9.0.0-rc.3",
        "@react-spring/core": "9.0.0-rc.3",
        "@react-spring/shared": "9.0.0-rc.3"
      }
    },
    "@react-spring/web": {
      "version": "9.0.0-rc.3",
      "resolved": "https://registry.npmjs.org/@react-spring/web/-/web-9.0.0-rc.3.tgz",
      "integrity": "sha512-rEvipblmihiz8+Eo01zDp5dqWn6XfYk8q2rlN9c18YIOL4o6nuY/VplDoocUMHYfH4liurpO4o1QudKOO1nAiQ==",
      "requires": {
        "@babel/runtime": "^7.3.1",
        "@react-spring/animated": "9.0.0-rc.3",
        "@react-spring/core": "9.0.0-rc.3",
        "@react-spring/shared": "9.0.0-rc.3"
      }
    },
    "@react-spring/zdog": {
      "version": "9.0.0-rc.3",
      "resolved": "https://registry.npmjs.org/@react-spring/zdog/-/zdog-9.0.0-rc.3.tgz",
      "integrity": "sha512-fl2JI098sfOJ+BaS9xCrnz8NSimL8yPrVwO0lHSpXLn/q3o3MYmRAeJnZQv8yDtT6isTHua6Tfb9vWuZWEXSmA==",
      "requires": {
        "@babel/runtime": "^7.3.1",
        "@react-spring/animated": "9.0.0-rc.3",
        "@react-spring/core": "9.0.0-rc.3",
        "@react-spring/shared": "9.0.0-rc.3"
      }
    },
    "asap": {
      "version": "2.0.6",
      "resolved": "https://registry.npmjs.org/asap/-/asap-2.0.6.tgz",
      "integrity": "sha1-5QNHYR1+aQlDIIu9r+vLwvuGbUY="
    },
    "change-emitter": {
      "version": "0.1.6",
      "resolved": "https://registry.npmjs.org/change-emitter/-/change-emitter-0.1.6.tgz",
      "integrity": "sha1-6LL+PX8at9aaMhma/5HqaTFAlRU="
    },
    "core-js": {
      "version": "1.2.7",
      "resolved": "https://registry.npmjs.org/core-js/-/core-js-1.2.7.tgz",
      "integrity": "sha1-ZSKUwUZR2yj6k70tX/KYOk8IxjY="
    },
    "d3-array": {
      "version": "2.9.1",
      "resolved": "https://registry.npmjs.org/d3-array/-/d3-array-2.9.1.tgz",
      "integrity": "sha512-Ob7RdOtkqsjx1NWyQHMFLtCSk6/aKTxDdC4ZIolX+O+mDD2RzrsYgAyc0WGAlfYFVELLSilS7w8BtE3PKM8bHg=="
    },
    "d3-color": {
      "version": "2.0.0",
      "resolved": "https://registry.npmjs.org/d3-color/-/d3-color-2.0.0.tgz",
      "integrity": "sha512-SPXi0TSKPD4g9tw0NMZFnR95XVgUZiBH+uUTqQuDu1OsE2zomHU7ho0FISciaPvosimixwHFl3WHLGabv6dDgQ=="
    },
    "d3-delaunay": {
      "version": "5.3.0",
      "resolved": "https://registry.npmjs.org/d3-delaunay/-/d3-delaunay-5.3.0.tgz",
      "integrity": "sha512-amALSrOllWVLaHTnDLHwMIiz0d1bBu9gZXd1FiLfXf8sHcX9jrcj81TVZOqD4UX7MgBZZ07c8GxzEgBpJqc74w==",
      "requires": {
        "delaunator": "4"
      }
    },
    "d3-format": {
      "version": "1.4.5",
      "resolved": "https://registry.npmjs.org/d3-format/-/d3-format-1.4.5.tgz",
      "integrity": "sha512-J0piedu6Z8iB6TbIGfZgDzfXxUFN3qQRMofy2oPdXzQibYGqPB/9iMcxr/TGalU+2RsyDO+U4f33id8tbnSRMQ=="
    },
    "d3-hierarchy": {
      "version": "1.1.9",
      "resolved": "https://registry.npmjs.org/d3-hierarchy/-/d3-hierarchy-1.1.9.tgz",
      "integrity": "sha512-j8tPxlqh1srJHAtxfvOUwKNYJkQuBFdM1+JAUfq6xqH5eAqf93L7oG1NVqDa4CpFZNvnNKtCYEUC8KY9yEn9lQ=="
    },
    "d3-interpolate": {
      "version": "2.0.1",
      "resolved": "https://registry.npmjs.org/d3-interpolate/-/d3-interpolate-2.0.1.tgz",
      "integrity": "sha512-c5UhwwTs/yybcmTpAVqwSFl6vrQ8JZJoT5F7xNFK9pymv5C0Ymcc9/LIJHtYIggg/yS9YHw8i8O8tgb9pupjeQ==",
      "requires": {
        "d3-color": "1 - 2"
      }
    },
    "d3-path": {
      "version": "1.0.9",
      "resolved": "https://registry.npmjs.org/d3-path/-/d3-path-1.0.9.tgz",
      "integrity": "sha512-VLaYcn81dtHVTjEHd8B+pbe9yHWpXKZUC87PzoFmsFrJqgFwDe/qxfp5MlfsfM1V5E/iVt0MmEbWQ7FVIXh/bg=="
    },
    "d3-scale": {
      "version": "3.2.3",
      "resolved": "https://registry.npmjs.org/d3-scale/-/d3-scale-3.2.3.tgz",
      "integrity": "sha512-8E37oWEmEzj57bHcnjPVOBS3n4jqakOeuv1EDdQSiSrYnMCBdMd3nc4HtKk7uia8DUHcY/CGuJ42xxgtEYrX0g==",
      "requires": {
        "d3-array": "^2.3.0",
        "d3-format": "1 - 2",
        "d3-interpolate": "1.2.0 - 2",
        "d3-time": "1 - 2",
        "d3-time-format": "2 - 3"
      }
    },
    "d3-scale-chromatic": {
      "version": "2.0.0",
      "resolved": "https://registry.npmjs.org/d3-scale-chromatic/-/d3-scale-chromatic-2.0.0.tgz",
      "integrity": "sha512-LLqy7dJSL8yDy7NRmf6xSlsFZ6zYvJ4BcWFE4zBrOPnQERv9zj24ohnXKRbyi9YHnYV+HN1oEO3iFK971/gkzA==",
      "requires": {
        "d3-color": "1 - 2",
        "d3-interpolate": "1 - 2"
      }
    },
    "d3-shape": {
      "version": "1.3.7",
      "resolved": "https://registry.npmjs.org/d3-shape/-/d3-shape-1.3.7.tgz",
      "integrity": "sha512-EUkvKjqPFUAZyOlhY5gzCxCeI0Aep04LwIRpsZ/mLFelJiUfnK56jo5JMDSE7yyP2kLSb6LtF+S5chMk7uqPqw==",
      "requires": {
        "d3-path": "1"
      }
    },
    "d3-time": {
      "version": "1.1.0",
      "resolved": "https://registry.npmjs.org/d3-time/-/d3-time-1.1.0.tgz",
      "integrity": "sha512-Xh0isrZ5rPYYdqhAVk8VLnMEidhz5aP7htAADH6MfzgmmicPkTo8LhkLxci61/lCB7n7UmE3bN0leRt+qvkLxA=="
    },
    "d3-time-format": {
      "version": "2.3.0",
      "resolved": "https://registry.npmjs.org/d3-time-format/-/d3-time-format-2.3.0.tgz",
      "integrity": "sha512-guv6b2H37s2Uq/GefleCDtbe0XZAuy7Wa49VGkPVPMfLL9qObgBST3lEHJBMUp8S7NdLQAGIvr2KXk8Hc98iKQ==",
      "requires": {
        "d3-time": "1"
      }
    },
    "delaunator": {
      "version": "4.0.1",
      "resolved": "https://registry.npmjs.org/delaunator/-/delaunator-4.0.1.tgz",
      "integrity": "sha512-WNPWi1IRKZfCt/qIDMfERkDp93+iZEmOxN2yy4Jg+Xhv8SLk2UTqqbe1sfiipn0and9QrE914/ihdx82Y/Giag=="
    },
    "encoding": {
      "version": "0.1.13",
      "resolved": "https://registry.npmjs.org/encoding/-/encoding-0.1.13.tgz",
      "integrity": "sha512-ETBauow1T35Y/WZMkio9jiM0Z5xjHHmJ4XmjZOq1l/dXz3lr2sRn87nJy20RupqSh1F2m3HHPSp8ShIPQJrJ3A==",
      "requires": {
        "iconv-lite": "^0.6.2"
      }
    },
    "fbjs": {
      "version": "0.8.17",
      "resolved": "https://registry.npmjs.org/fbjs/-/fbjs-0.8.17.tgz",
      "integrity": "sha1-xNWY6taUkRJlPWWIsBpc3Nn5D90=",
      "requires": {
        "core-js": "^1.0.0",
        "isomorphic-fetch": "^2.1.1",
        "loose-envify": "^1.0.0",
        "object-assign": "^4.1.0",
        "promise": "^7.1.1",
        "setimmediate": "^1.0.5",
        "ua-parser-js": "^0.7.18"
      }
    },
    "fluids": {
      "version": "0.1.10",
      "resolved": "https://registry.npmjs.org/fluids/-/fluids-0.1.10.tgz",
      "integrity": "sha512-66FLmUJOrkvEHIsRVeM+88MG0bjd2TOBuR0BkM0hzyCb68W9drzqeX/AHDNp3ouZALQN7JvBvmKdVhHI+PZsdg=="
    },
    "hoist-non-react-statics": {
      "version": "2.5.5",
      "resolved": "https://registry.npmjs.org/hoist-non-react-statics/-/hoist-non-react-statics-2.5.5.tgz",
      "integrity": "sha512-rqcy4pJo55FTTLWt+bU8ukscqHeE/e9KWvsOW2b/a3afxQZhwkQdT1rPPCJ0rYXdj4vNcasY8zHTH+jF/qStxw=="
    },
    "iconv-lite": {
      "version": "0.6.2",
      "resolved": "https://registry.npmjs.org/iconv-lite/-/iconv-lite-0.6.2.tgz",
      "integrity": "sha512-2y91h5OpQlolefMPmUlivelittSWy0rP+oYVpn6A7GwVHNE8AWzoYOBNmlwks3LobaJxgHCYZAnyNo2GgpNRNQ==",
      "requires": {
        "safer-buffer": ">= 2.1.2 < 3.0.0"
      }
    },
    "is-stream": {
      "version": "1.1.0",
      "resolved": "https://registry.npmjs.org/is-stream/-/is-stream-1.1.0.tgz",
      "integrity": "sha1-EtSj3U5o4Lec6428hBc66A2RykQ="
    },
    "isomorphic-fetch": {
      "version": "2.2.1",
      "resolved": "https://registry.npmjs.org/isomorphic-fetch/-/isomorphic-fetch-2.2.1.tgz",
      "integrity": "sha1-YRrhrPFPXoH3KVB0coGf6XM1WKk=",
      "requires": {
        "node-fetch": "^1.0.1",
        "whatwg-fetch": ">=0.10.0"
      }
    },
    "js-tokens": {
      "version": "4.0.0",
      "resolved": "https://registry.npmjs.org/js-tokens/-/js-tokens-4.0.0.tgz",
      "integrity": "sha512-RdJUflcE3cUzKiMqQgsCu06FPu9UdIJO0beYbPhHN4k6apgJtifcoCtT9bcxOpYBtpD2kCM6Sbzg4CausW/PKQ=="
    },
    "lodash": {
      "version": "4.17.20",
      "resolved": "https://registry.npmjs.org/lodash/-/lodash-4.17.20.tgz",
      "integrity": "sha512-PlhdFcillOINfeV7Ni6oF1TAEayyZBoZ8bcshTHqOYJYlrqzRK5hagpagky5o4HfCzzd1TRkXPMFq6cKk9rGmA=="
    },
    "loose-envify": {
      "version": "1.4.0",
      "resolved": "https://registry.npmjs.org/loose-envify/-/loose-envify-1.4.0.tgz",
      "integrity": "sha512-lyuxPGr/Wfhrlem2CL/UcnUc1zcqKAImBDzukY7Y5F/yQiNdko6+fRLevlw1HgMySw7f611UIY408EtxRSoK3Q==",
      "requires": {
        "js-tokens": "^3.0.0 || ^4.0.0"
      }
    },
    "node-fetch": {
      "version": "1.7.3",
      "resolved": "https://registry.npmjs.org/node-fetch/-/node-fetch-1.7.3.tgz",
      "integrity": "sha512-NhZ4CsKx7cYm2vSrBAr2PvFOe6sWDf0UYLRqA6svUYg7+/TSfVAu49jYC4BvQ4Sms9SZgdqGBgroqfDhJdTyKQ==",
      "requires": {
        "encoding": "^0.1.11",
        "is-stream": "^1.0.1"
      }
    },
    "object-assign": {
      "version": "4.1.1",
      "resolved": "https://registry.npmjs.org/object-assign/-/object-assign-4.1.1.tgz",
      "integrity": "sha1-IQmtx5ZYh8/AXLvUQsrIv7s2CGM="
    },
    "performance-now": {
      "version": "0.2.0",
      "resolved": "https://registry.npmjs.org/performance-now/-/performance-now-0.2.0.tgz",
      "integrity": "sha1-M+8wxcd9TqIcWlOGnZG1bY8lVeU="
    },
    "promise": {
      "version": "7.3.1",
      "resolved": "https://registry.npmjs.org/promise/-/promise-7.3.1.tgz",
      "integrity": "sha512-nolQXZ/4L+bP/UGlkfaIujX9BKxGwmQ9OT4mOt5yvy8iK1h3wqTEJCijzGANTCCl9nWjY41juyAn2K3Q1hLLTg==",
      "requires": {
        "asap": "~2.0.3"
      }
    },
    "prop-types": {
      "version": "15.7.2",
      "resolved": "https://registry.npmjs.org/prop-types/-/prop-types-15.7.2.tgz",
      "integrity": "sha512-8QQikdH7//R2vurIJSutZ1smHYTcLpRWEOlHnzcWHmBYrOGUysKwSsrC89BCiFj3CbrfJ/nXFdJepOVrY1GCHQ==",
      "requires": {
        "loose-envify": "^1.4.0",
        "object-assign": "^4.1.1",
        "react-is": "^16.8.1"
      }
    },
    "raf": {
      "version": "3.4.1",
      "resolved": "https://registry.npmjs.org/raf/-/raf-3.4.1.tgz",
      "integrity": "sha512-Sq4CW4QhwOHE8ucn6J34MqtZCeWFP2aQSmrlroYgqAV1PjStIhJXxYuTgUIfkEk7zTLjmIjLmU5q+fbD1NnOJA==",
      "requires": {
        "performance-now": "^2.1.0"
      },
      "dependencies": {
        "performance-now": {
          "version": "2.1.0",
          "resolved": "https://registry.npmjs.org/performance-now/-/performance-now-2.1.0.tgz",
          "integrity": "sha1-Ywn04OX6kT7BxpMHrjZLSzd8nns="
        }
      }
    },
    "react-is": {
      "version": "16.13.1",
      "resolved": "https://registry.npmjs.org/react-is/-/react-is-16.13.1.tgz",
      "integrity": "sha512-24e6ynE2H+OKt4kqsOvNd8kBpV65zoxbA4BVsEOB3ARVWQki/DHzaUoC5KuON/BiccDaCCTZBuOcfZs70kR8bQ=="
    },
    "react-layout-effect": {
      "version": "1.0.5",
      "resolved": "https://registry.npmjs.org/react-layout-effect/-/react-layout-effect-1.0.5.tgz",
      "integrity": "sha512-zdRXHuch+OBHU6bvjTelOGUCM+UDr/iCY+c0wXLEAc+G4/FlcJruD/hUOzlKH5XgO90Y/BUJPNhI/g9kl+VAsA=="
    },
    "react-lifecycles-compat": {
      "version": "3.0.4",
      "resolved": "https://registry.npmjs.org/react-lifecycles-compat/-/react-lifecycles-compat-3.0.4.tgz",
      "integrity": "sha512-fBASbA6LnOU9dOU2eW7aQ8xmYBSXUIWr+UmF9b1efZBazGNO+rcXT/icdKnYm2pTwcRylVUYwW7H1PHfLekVzA=="
    },
    "react-motion": {
      "version": "0.5.2",
      "resolved": "https://registry.npmjs.org/react-motion/-/react-motion-0.5.2.tgz",
      "integrity": "sha512-9q3YAvHoUiWlP3cK0v+w1N5Z23HXMj4IF4YuvjvWegWqNPfLXsOBE/V7UvQGpXxHFKRQQcNcVQE31g9SB/6qgQ==",
      "requires": {
        "performance-now": "^0.2.0",
        "prop-types": "^15.5.8",
        "raf": "^3.1.0"
      }
    },
    "react-spring": {
      "version": "9.0.0-rc.3",
      "resolved": "https://registry.npmjs.org/react-spring/-/react-spring-9.0.0-rc.3.tgz",
      "integrity": "sha512-VX5Gi6svgRzjGvJ7qVRQBhFN+O2IuPvkSWepIg838LNIMqlc42xdIYtoGJYSqYjNO3IocSfkHlh49WVw6hHMUg==",
      "requires": {
        "@babel/runtime": "^7.3.1",
        "@react-spring/core": "9.0.0-rc.3",
        "@react-spring/konva": "9.0.0-rc.3",
        "@react-spring/native": "9.0.0-rc.3",
        "@react-spring/three": "9.0.0-rc.3",
        "@react-spring/web": "9.0.0-rc.3",
        "@react-spring/zdog": "9.0.0-rc.3"
      }
    },
    "recompose": {
      "version": "0.30.0",
      "resolved": "https://registry.npmjs.org/recompose/-/recompose-0.30.0.tgz",
      "integrity": "sha512-ZTrzzUDa9AqUIhRk4KmVFihH0rapdCSMFXjhHbNrjAWxBuUD/guYlyysMnuHjlZC/KRiOKRtB4jf96yYSkKE8w==",
      "requires": {
        "@babel/runtime": "^7.0.0",
        "change-emitter": "^0.1.2",
        "fbjs": "^0.8.1",
        "hoist-non-react-statics": "^2.3.1",
        "react-lifecycles-compat": "^3.0.2",
        "symbol-observable": "^1.0.4"
      }
    },
    "regenerator-runtime": {
      "version": "0.13.7",
      "resolved": "https://registry.npmjs.org/regenerator-runtime/-/regenerator-runtime-0.13.7.tgz",
      "integrity": "sha512-a54FxoJDIr27pgf7IgeQGxmqUNYrcV338lf/6gH456HZ/PhX+5BcwHXG9ajESmwe6WRO0tAzRUrRmNONWgkrew=="
    },
    "resize-observer-polyfill": {
      "version": "1.5.1",
      "resolved": "https://registry.npmjs.org/resize-observer-polyfill/-/resize-observer-polyfill-1.5.1.tgz",
      "integrity": "sha512-LwZrotdHOo12nQuZlHEmtuXdqGoOD0OhaxopaNFxWzInpEgaLWoVuAMbTzixuosCx2nEG58ngzW3vxdWoxIgdg=="
    },
    "safer-buffer": {
      "version": "2.1.2",
      "resolved": "https://registry.npmjs.org/safer-buffer/-/safer-buffer-2.1.2.tgz",
      "integrity": "sha512-YZo3K82SD7Riyi0E1EQPojLz7kpepnSQI9IyPbHHg1XXXevb5dJI7tpyN2ADxGcQbHG7vcyRHk0cbwqcQriUtg=="
    },
    "setimmediate": {
      "version": "1.0.5",
      "resolved": "https://registry.npmjs.org/setimmediate/-/setimmediate-1.0.5.tgz",
      "integrity": "sha1-KQy7Iy4waULX1+qbg3Mqt4VvgoU="
    },
    "symbol-observable": {
      "version": "1.2.0",
      "resolved": "https://registry.npmjs.org/symbol-observable/-/symbol-observable-1.2.0.tgz",
      "integrity": "sha512-e900nM8RRtGhlV36KGEU9k65K3mPb1WV70OdjfxlG2EAuM1noi/E/BaW/uMhL7bPEssK8QV57vN3esixjUvcXQ=="
    },
    "tslib": {
      "version": "1.14.1",
      "resolved": "https://registry.npmjs.org/tslib/-/tslib-1.14.1.tgz",
      "integrity": "sha512-Xni35NKzjgMrwevysHTCArtLDpPvye8zV/0E4EyYn43P7/7qvQwPh9BGkHewbMulVntbigmcT7rdX3BNo9wRJg=="
    },
    "ua-parser-js": {
      "version": "0.7.23",
      "resolved": "https://registry.npmjs.org/ua-parser-js/-/ua-parser-js-0.7.23.tgz",
      "integrity": "sha512-m4hvMLxgGHXG3O3fQVAyyAQpZzDOvwnhOTjYz5Xmr7r/+LpkNy3vJXdVRWgd1TkAb7NGROZuSy96CrlNVjA7KA=="
    },
    "use-memo-one": {
      "version": "1.1.1",
      "resolved": "https://registry.npmjs.org/use-memo-one/-/use-memo-one-1.1.1.tgz",
      "integrity": "sha512-oFfsyun+bP7RX8X2AskHNTxu+R3QdE/RC5IefMbqptmACAA/gfol1KDD5KRzPsGMa62sWxGZw+Ui43u6x4ddoQ=="
    },
    "whatwg-fetch": {
      "version": "3.5.0",
      "resolved": "https://registry.npmjs.org/whatwg-fetch/-/whatwg-fetch-3.5.0.tgz",
      "integrity": "sha512-jXkLtsR42xhXg7akoDKvKWE40eJeI+2KZqcp2h3NsOrRnDvtWX36KcKl30dy+hxECivdk2BVUHVNrPtoMBUx6A=="
    }
  }
}
